# STATUS: BLOCKED_DEPENDENCY. This is a direct-dependency lock seed for the
# isolated Python 3.11 CPU environment. Transitive hashes must be generated by
# uv/pip-tools inside that environment before installation; it is not consumed
# by the main NumPy 2.x runtime.
blast-lite==1.1.0
numpy==1.26.4
pandas==2.2.3
matplotlib==3.9.4
scipy==1.14.1
h5pyd==0.20.0
nrel-rex==0.3.0
geopy==2.4.1
